// !$*UTF8*$!
{
	archiveVersion = 1;
	classes = {
	};
	objectVersion = 55;
	objects = {

/* Begin PBXBuildFile section */
		5B324495270E9FB500CD52D6 /* AppDelegate.swift in Sources */ = {isa = PBXBuildFile; fileRef = 5B324494270E9FB500CD52D6 /* AppDelegate.swift */; };
		5B324497270E9FB500CD52D6 /* SceneDelegate.swift in Sources */ = {isa = PBXBuildFile; fileRef = 5B324496270E9FB500CD52D6 /* SceneDelegate.swift */; };
		5B32449C270E9FB500CD52D6 /* Main.storyboard in Resources */ = {isa = PBXBuildFile; fileRef = 5B32449A270E9FB500CD52D6 /* Main.storyboard */; };
		5B32449F270E9FB500CD52D6 /* RxMemo.xcdatamodeld in Sources */ = {isa = PBXBuildFile; fileRef = 5B32449D270E9FB500CD52D6 /* RxMemo.xcdatamodeld */; };
		5B3244A1270E9FBB00CD52D6 /* Assets.xcassets in Resources */ = {isa = PBXBuildFile; fileRef = 5B3244A0270E9FBB00CD52D6 /* Assets.xcassets */; };
		5B3244A4270E9FBB00CD52D6 /* LaunchScreen.storyboard in Resources */ = {isa = PBXBuildFile; fileRef = 5B3244A2270E9FBB00CD52D6 /* LaunchScreen.storyboard */; };
		5B3244B1270EA20800CD52D6 /* Memo.swift in Sources */ = {isa = PBXBuildFile; fileRef = 5B3244B0270EA20800CD52D6 /* Memo.swift */; };
		5B3244B3270EA3CE00CD52D6 /* MemoStorageType.swift in Sources */ = {isa = PBXBuildFile; fileRef = 5B3244B2270EA3CE00CD52D6 /* MemoStorageType.swift */; };
		5B3244B7270EA4E900CD52D6 /* MemoryStorage.swift in Sources */ = {isa = PBXBuildFile; fileRef = 5B3244B6270EA4E900CD52D6 /* MemoryStorage.swift */; };
		5B3244B9270EAA7D00CD52D6 /* MemoListViewController.swift in Sources */ = {isa = PBXBuildFile; fileRef = 5B3244B8270EAA7D00CD52D6 /* MemoListViewController.swift */; };
		5B3244BB270EAAA000CD52D6 /* MemoDetailViewController.swift in Sources */ = {isa = PBXBuildFile; fileRef = 5B3244BA270EAA9F00CD52D6 /* MemoDetailViewController.swift */; };
		5B3244BD270EAABD00CD52D6 /* MemoComposeViewController.swift in Sources */ = {isa = PBXBuildFile; fileRef = 5B3244BC270EAABD00CD52D6 /* MemoComposeViewController.swift */; };
		5B3244BF270EABAE00CD52D6 /* MemoListViewModel.swift in Sources */ = {isa = PBXBuildFile; fileRef = 5B3244BE270EABAE00CD52D6 /* MemoListViewModel.swift */; };
		5B3244C1270EABCE00CD52D6 /* MemoDetailViewModel.swift in Sources */ = {isa = PBXBuildFile; fileRef = 5B3244C0270EABCE00CD52D6 /* MemoDetailViewModel.swift */; };
		5B3244C3270EABEE00CD52D6 /* MemoComposeViewModel.swift in Sources */ = {isa = PBXBuildFile; fileRef = 5B3244C2270EABEE00CD52D6 /* MemoComposeViewModel.swift */; };
		5B3244C5270EAC2000CD52D6 /* ViewModelBindableType.swift in Sources */ = {isa = PBXBuildFile; fileRef = 5B3244C4270EAC2000CD52D6 /* ViewModelBindableType.swift */; };
		B224101D15D303F54A1C47F4 /* Pods_RxMemo.framework in Frameworks */ = {isa = PBXBuildFile; fileRef = 25E50678D0D5021CCBAC4246 /* Pods_RxMemo.framework */; };
/* End PBXBuildFile section */

/* Begin PBXFileReference section */
		202B948CCA560F9BD83CEA63 /* Pods-RxMemo.release.xcconfig */ = {isa = PBXFileReference; includeInIndex = 1; lastKnownFileType = text.xcconfig; name = "Pods-RxMemo.release.xcconfig"; path = "Target Support Files/Pods-RxMemo/Pods-RxMemo.release.xcconfig"; sourceTree = "<group>"; };
		25E50678D0D5021CCBAC4246 /* Pods_RxMemo.framework */ = {isa = PBXFileReference; explicitFileType = wrapper.framework; includeInIndex = 0; path = Pods_RxMemo.framework; sourceTree = BUILT_PRODUCTS_DIR; };
		3DF2D5923DA298E277D2D4AF /* Pods-RxMemo.debug.xcconfig */ = {isa = PBXFileReference; includeInIndex = 1; lastKnownFileType = text.xcconfig; name = "Pods-RxMemo.debug.xcconfig"; path = "Target Support Files/Pods-RxMemo/Pods-RxMemo.debug.xcconfig"; sourceTree = "<group>"; };
		5B324491270E9FB500CD52D6 /* RxMemo.app */ = {isa = PBXFileReference; explicitFileType = wrapper.application; includeInIndex = 0; path = RxMemo.app; sourceTree = BUILT_PRODUCTS_DIR; };
		5B324494270E9FB500CD52D6 /* AppDelegate.swift */ = {isa = PBXFileReference; lastKnownFileType = sourcecode.swift; path = AppDelegate.swift; sourceTree = "<group>"; };
		5B324496270E9FB500CD52D6 /* SceneDelegate.swift */ = {isa = PBXFileReference; lastKnownFileType = sourcecode.swift; path = SceneDelegate.swift; sourceTree = "<group>"; };
		5B32449B270E9FB500CD52D6 /* Base */ = {isa = PBXFileReference; lastKnownFileType = file.storyboard; name = Base; path = Base.lproj/Main.storyboard; sourceTree = "<group>"; };
		5B32449E270E9FB500CD52D6 /* RxMemo.xcdatamodel */ = {isa = PBXFileReference; lastKnownFileType = wrapper.xcdatamodel; path = RxMemo.xcdatamodel; sourceTree = "<group>"; };
		5B3244A0270E9FBB00CD52D6 /* Assets.xcassets */ = {isa = PBXFileReference; lastKnownFileType = folder.assetcatalog; path = Assets.xcassets; sourceTree = "<group>"; };
		5B3244A3270E9FBB00CD52D6 /* Base */ = {isa = PBXFileReference; lastKnownFileType = file.storyboard; name = Base; path = Base.lproj/LaunchScreen.storyboard; sourceTree = "<group>"; };
		5B3244A5270E9FBB00CD52D6 /* Info.plist */ = {isa = PBXFileReference; lastKnownFileType = text.plist.xml; path = Info.plist; sourceTree = "<group>"; };
		5B3244B0270EA20800CD52D6 /* Memo.swift */ = {isa = PBXFileReference; lastKnownFileType = sourcecode.swift; path = Memo.swift; sourceTree = "<group>"; };
		5B3244B2270EA3CE00CD52D6 /* MemoStorageType.swift */ = {isa = PBXFileReference; lastKnownFileType = sourcecode.swift; path = MemoStorageType.swift; sourceTree = "<group>"; };
		5B3244B6270EA4E900CD52D6 /* MemoryStorage.swift */ = {isa = PBXFileReference; lastKnownFileType = sourcecode.swift; path = MemoryStorage.swift; sourceTree = "<group>"; };
		5B3244B8270EAA7D00CD52D6 /* MemoListViewController.swift */ = {isa = PBXFileReference; lastKnownFileType = sourcecode.swift; path = MemoListViewController.swift; sourceTree = "<group>"; };
		5B3244BA270EAA9F00CD52D6 /* MemoDetailViewController.swift */ = {isa = PBXFileReference; lastKnownFileType = sourcecode.swift; path = MemoDetailViewController.swift; sourceTree = "<group>"; };
		5B3244BC270EAABD00CD52D6 /* MemoComposeViewController.swift */ = {isa = PBXFileReference; lastKnownFileType = sourcecode.swift; path = MemoComposeViewController.swift; sourceTree = "<group>"; };
		5B3244BE270EABAE00CD52D6 /* MemoListViewModel.swift */ = {isa = PBXFileReference; lastKnownFileType = sourcecode.swift; path = MemoListViewModel.swift; sourceTree = "<group>"; };
		5B3244C0270EABCE00CD52D6 /* MemoDetailViewModel.swift */ = {isa = PBXFileReference; lastKnownFileType = sourcecode.swift; path = MemoDetailViewModel.swift; sourceTree = "<group>"; };
		5B3244C2270EABEE00CD52D6 /* MemoComposeViewModel.swift */ = {isa = PBXFileReference; lastKnownFileType = sourcecode.swift; path = MemoComposeViewModel.swift; sourceTree = "<group>"; };
		5B3244C4270EAC2000CD52D6 /* ViewModelBindableType.swift */ = {isa = PBXFileReference; lastKnownFileType = sourcecode.swift; path = ViewModelBindableType.swift; sourceTree = "<group>"; };
/* End PBXFileReference section */

/* Begin PBXFrameworksBuildPhase section */
		5B32448E270E9FB500CD52D6 /* Frameworks */ = {
			isa = PBXFrameworksBuildPhase;
			buildActionMask = 2147483647;
			files = (
				B224101D15D303F54A1C47F4 /* Pods_RxMemo.framework in Frameworks */,
			);
			runOnlyForDeploymentPostprocessing = 0;
		};
/* End PBXFrameworksBuildPhase section */

/* Begin PBXGroup section */
		2DFEDC38CE2604A2DFC57ADF /* Frameworks */ = {
			isa = PBXGroup;
			children = (
				25E50678D0D5021CCBAC4246 /* Pods_RxMemo.framework */,
			);
			name = Frameworks;
			sourceTree = "<group>";
		};
		5B324488270E9FB500CD52D6 = {
			isa = PBXGroup;
			children = (
				5B324493270E9FB500CD52D6 /* RxMemo */,
				5B324492270E9FB500CD52D6 /* Products */,
				88A1B5828C4871E77589BC50 /* Pods */,
				2DFEDC38CE2604A2DFC57ADF /* Frameworks */,
			);
			sourceTree = "<group>";
		};
		5B324492270E9FB500CD52D6 /* Products */ = {
			isa = PBXGroup;
			children = (
				5B324491270E9FB500CD52D6 /* RxMemo.app */,
			);
			name = Products;
			sourceTree = "<group>";
		};
		5B324493270E9FB500CD52D6 /* RxMemo */ = {
			isa = PBXGroup;
			children = (
				5B3244AF270EA15C00CD52D6 /* Scene */,
				5B3244AC270EA12500CD52D6 /* Service */,
				5B3244AD270EA14300CD52D6 /* ViewModel */,
				5B3244AE270EA14900CD52D6 /* ViewController */,
				5B3244AB270EA11B00CD52D6 /* Model */,
				5B324494270E9FB500CD52D6 /* AppDelegate.swift */,
				5B324496270E9FB500CD52D6 /* SceneDelegate.swift */,
				5B3244A0270E9FBB00CD52D6 /* Assets.xcassets */,
				5B3244A5270E9FBB00CD52D6 /* Info.plist */,
			);
			path = RxMemo;
			sourceTree = "<group>";
		};
		5B3244AB270EA11B00CD52D6 /* Model */ = {
			isa = PBXGroup;
			children = (
				5B3244B0270EA20800CD52D6 /* Memo.swift */,
			);
			path = Model;
			sourceTree = "<group>";
		};
		5B3244AC270EA12500CD52D6 /* Service */ = {
			isa = PBXGroup;
			children = (
				5B3244B5270EA4C500CD52D6 /* CoreDataStorage */,
				5B3244B4270EA4B400CD52D6 /* MemoStorage */,
				5B3244B2270EA3CE00CD52D6 /* MemoStorageType.swift */,
			);
			path = Service;
			sourceTree = "<group>";
		};
		5B3244AD270EA14300CD52D6 /* ViewModel */ = {
			isa = PBXGroup;
			children = (
				5B3244BE270EABAE00CD52D6 /* MemoListViewModel.swift */,
				5B3244C0270EABCE00CD52D6 /* MemoDetailViewModel.swift */,
				5B3244C2270EABEE00CD52D6 /* MemoComposeViewModel.swift */,
			);
			path = ViewModel;
			sourceTree = "<group>";
		};
		5B3244AE270EA14900CD52D6 /* ViewController */ = {
			isa = PBXGroup;
			children = (
				5B32449A270E9FB500CD52D6 /* Main.storyboard */,
				5B3244A2270E9FBB00CD52D6 /* LaunchScreen.storyboard */,
				5B3244B8270EAA7D00CD52D6 /* MemoListViewController.swift */,
				5B3244BA270EAA9F00CD52D6 /* MemoDetailViewController.swift */,
				5B3244BC270EAABD00CD52D6 /* MemoComposeViewController.swift */,
				5B3244C4270EAC2000CD52D6 /* ViewModelBindableType.swift */,
			);
			path = ViewController;
			sourceTree = "<group>";
		};
		5B3244AF270EA15C00CD52D6 /* Scene */ = {
			isa = PBXGroup;
			children = (
			);
			path = Scene;
			sourceTree = "<group>";
		};
		5B3244B4270EA4B400CD52D6 /* MemoStorage */ = {
			isa = PBXGroup;
			children = (
				5B3244B6270EA4E900CD52D6 /* MemoryStorage.swift */,
			);
			path = MemoStorage;
			sourceTree = "<group>";
		};
		5B3244B5270EA4C500CD52D6 /* CoreDataStorage */ = {
			isa = PBXGroup;
			children = (
				5B32449D270E9FB500CD52D6 /* RxMemo.xcdatamodeld */,
			);
			path = CoreDataStorage;
			sourceTree = "<group>";
		};
		88A1B5828C4871E77589BC50 /* Pods */ = {
			isa = PBXGroup;
			children = (
				3DF2D5923DA298E277D2D4AF /* Pods-RxMemo.debug.xcconfig */,
				202B948CCA560F9BD83CEA63 /* Pods-RxMemo.release.xcconfig */,
			);
			path = Pods;
			sourceTree = "<group>";
		};
/* End PBXGroup section */

/* Begin PBXNativeTarget section */
		5B324490270E9FB500CD52D6 /* RxMemo */ = {
			isa = PBXNativeTarget;
			buildConfigurationList = 5B3244A8270E9FBB00CD52D6 /* Build configuration list for PBXNativeTarget "RxMemo" */;
			buildPhases = (
				A0760DA39FD7B80AF26F60A2 /* [CP] Check Pods Manifest.lock */,
				5B32448D270E9FB500CD52D6 /* Sources */,
				5B32448E270E9FB500CD52D6 /* Frameworks */,
				5B32448F270E9FB500CD52D6 /* Resources */,
				441A2069E23E04FAC4DBDDEE /* [CP] Embed Pods Frameworks */,
			);
			buildRules = (
			);
			dependencies = (
			);
			name = RxMemo;
			productName = RxMemo;
			productReference = 5B324491270E9FB500CD52D6 /* RxMemo.app */;
			productType = "com.apple.product-type.application";
		};
/* End PBXNativeTarget section */

/* Begin PBXProject section */
		5B324489270E9FB500CD52D6 /* Project object */ = {
			isa = PBXProject;
			attributes = {
				BuildIndependentTargetsInParallel = 1;
				LastSwiftUpdateCheck = 1300;
				LastUpgradeCheck = 1300;
				TargetAttributes = {
					5B324490270E9FB500CD52D6 = {
						CreatedOnToolsVersion = 13.0;
					};
				};
			};
			buildConfigurationList = 5B32448C270E9FB500CD52D6 /* Build configuration list for PBXProject "RxMemo" */;
			compatibilityVersion = "Xcode 13.0";
			developmentRegion = en;
			hasScannedForEncodings = 0;
			knownRegions = (
				en,
				Base,
			);
			mainGroup = 5B324488270E9FB500CD52D6;
			productRefGroup = 5B324492270E9FB500CD52D6 /* Products */;
			projectDirPath = "";
			projectRoot = "";
			targets = (
				5B324490270E9FB500CD52D6 /* RxMemo */,
			);
		};
/* End PBXProject section */

/* Begin PBXResourcesBuildPhase section */
		5B32448F270E9FB500CD52D6 /* Resources */ = {
			isa = PBXResourcesBuildPhase;
			buildActionMask = 2147483647;
			files = (
				5B3244A4270E9FBB00CD52D6 /* LaunchScreen.storyboard in Resources */,
				5B3244A1270E9FBB00CD52D6 /* Assets.xcassets in Resources */,
				5B32449C270E9FB500CD52D6 /* Main.storyboard in Resources */,
			);
			runOnlyForDeploymentPostprocessing = 0;
		};
/* End PBXResourcesBuildPhase section */

/* Begin PBXShellScriptBuildPhase section */
		441A2069E23E04FAC4DBDDEE /* [CP] Embed Pods Frameworks */ = {
			isa = PBXShellScriptBuildPhase;
			buildActionMask = 2147483647;
			files = (
			);
			inputFileListPaths = (
				"${PODS_ROOT}/Target Support Files/Pods-RxMemo/Pods-RxMemo-frameworks-${CONFIGURATION}-input-files.xcfilelist",
			);
			name = "[CP] Embed Pods Frameworks";
			outputFileListPaths = (
				"${PODS_ROOT}/Target Support Files/Pods-RxMemo/Pods-RxMemo-frameworks-${CONFIGURATION}-output-files.xcfilelist",
			);
			runOnlyForDeploymentPostprocessing = 0;
			shellPath = /bin/sh;
			shellScript = "\"${PODS_ROOT}/Target Support Files/Pods-RxMemo/Pods-RxMemo-frameworks.sh\"\n";
			showEnvVarsInLog = 0;
		};
		A0760DA39FD7B80AF26F60A2 /* [CP] Check Pods Manifest.lock */ = {
			isa = PBXShellScriptBuildPhase;
			buildActionMask = 2147483647;
			files = (
			);
			inputFileListPaths = (
			);
			inputPaths = (
				"${PODS_PODFILE_DIR_PATH}/Podfile.lock",
				"${PODS_ROOT}/Manifest.lock",
			);
			name = "[CP] Check Pods Manifest.lock";
			outputFileListPaths = (
			);
			outputPaths = (
				"$(DERIVED_FILE_DIR)/Pods-RxMemo-checkManifestLockResult.txt",
			);
			runOnlyForDeploymentPostprocessing = 0;
			shellPath = /bin/sh;
			shellScript = "diff \"${PODS_PODFILE_DIR_PATH}/Podfile.lock\" \"${PODS_ROOT}/Manifest.lock\" > /dev/null\nif [ $? != 0 ] ; then\n    # print error to STDERR\n    echo \"error: The sandbox is not in sync with the Podfile.lock. Run 'pod install' or update your CocoaPods installation.\" >&2\n    exit 1\nfi\n# This output is used by Xcode 'outputs' to avoid re-running this script phase.\necho \"SUCCESS\" > \"${SCRIPT_OUTPUT_FILE_0}\"\n";
			showEnvVarsInLog = 0;
		};
/* End PBXShellScriptBuildPhase section */

/* Begin PBXSourcesBuildPhase section */
		5B32448D270E9FB500CD52D6 /* Sources */ = {
			isa = PBXSourcesBuildPhase;
			buildActionMask = 2147483647;
			files = (
				5B3244B7270EA4E900CD52D6 /* MemoryStorage.swift in Sources */,
				5B3244C3270EABEE00CD52D6 /* MemoComposeViewModel.swift in Sources */,
				5B3244BB270EAAA000CD52D6 /* MemoDetailViewController.swift in Sources */,
				5B3244C5270EAC2000CD52D6 /* ViewModelBindableType.swift in Sources */,
				5B324495270E9FB500CD52D6 /* AppDelegate.swift in Sources */,
				5B3244B3270EA3CE00CD52D6 /* MemoStorageType.swift in Sources */,
				5B324497270E9FB500CD52D6 /* SceneDelegate.swift in Sources */,
				5B32449F270E9FB500CD52D6 /* RxMemo.xcdatamodeld in Sources */,
				5B3244BF270EABAE00CD52D6 /* MemoListViewModel.swift in Sources */,
				5B3244C1270EABCE00CD52D6 /* MemoDetailViewModel.swift in Sources */,
				5B3244B9270EAA7D00CD52D6 /* MemoListViewController.swift in Sources */,
				5B3244BD270EAABD00CD52D6 /* MemoComposeViewController.swift in Sources */,
				5B3244B1270EA20800CD52D6 /* Memo.swift in Sources */,
			);
			runOnlyForDeploymentPostprocessing = 0;
		};
/* End PBXSourcesBuildPhase section */

/* Begin PBXVariantGroup section */
		5B32449A270E9FB500CD52D6 /* Main.storyboard */ = {
			isa = PBXVariantGroup;
			children = (
				5B32449B270E9FB500CD52D6 /* Base */,
			);
			name = Main.storyboard;
			sourceTree = "<group>";
		};
		5B3244A2270E9FBB00CD52D6 /* LaunchScreen.storyboard */ = {
			isa = PBXVariantGroup;
			children = (
				5B3244A3270E9FBB00CD52D6 /* Base */,
			);
			name = LaunchScreen.storyboard;
			sourceTree = "<group>";
		};
/* End PBXVariantGroup section */

/* Begin XCBuildConfiguration section */
		5B3244A6270E9FBB00CD52D6 /* Debug */ = {
			isa = XCBuildConfiguration;
			buildSettings = {
				ALWAYS_SEARCH_USER_PATHS = NO;
				CLANG_ANALYZER_NONNULL = YES;
				CLANG_ANALYZER_NUMBER_OBJECT_CONVERSION = YES_AGGRESSIVE;
				CLANG_CXX_LANGUAGE_STANDARD = "gnu++17";
				CLANG_CXX_LIBRARY = "libc++";
				CLANG_ENABLE_MODULES = YES;
				CLANG_ENABLE_OBJC_ARC = YES;
				CLANG_ENABLE_OBJC_WEAK = YES;
				CLANG_WARN_BLOCK_CAPTURE_AUTORELEASING = YES;
				CLANG_WARN_BOOL_CONVERSION = YES;
				CLANG_WARN_COMMA = YES;
				CLANG_WARN_CONSTANT_CONVERSION = YES;
				CLANG_WARN_DEPRECATED_OBJC_IMPLEMENTATIONS = YES;
				CLANG_WARN_DIRECT_OBJC_ISA_USAGE = YES_ERROR;
				CLANG_WARN_DOCUMENTATION_COMMENTS = YES;
				CLANG_WARN_EMPTY_BODY = YES;
				CLANG_WARN_ENUM_CONVERSION = YES;
				CLANG_WARN_INFINITE_RECURSION = YES;
				CLANG_WARN_INT_CONVERSION = YES;
				CLANG_WARN_NON_LITERAL_NULL_CONVERSION = YES;
				CLANG_WARN_OBJC_IMPLICIT_RETAIN_SELF = YES;
				CLANG_WARN_OBJC_LITERAL_CONVERSION = YES;
				CLANG_WARN_OBJC_ROOT_CLASS = YES_ERROR;
				CLANG_WARN_QUOTED_INCLUDE_IN_FRAMEWORK_HEADER = YES;
				CLANG_WARN_RANGE_LOOP_ANALYSIS = YES;
				CLANG_WARN_STRICT_PROTOTYPES = YES;
				CLANG_WARN_SUSPICIOUS_MOVE = YES;
				CLANG_WARN_UNGUARDED_AVAILABILITY = YES_AGGRESSIVE;
				CLANG_WARN_UNREACHABLE_CODE = YES;
				CLANG_WARN__DUPLICATE_METHOD_MATCH = YES;
				COPY_PHASE_STRIP = NO;
				DEBUG_INFORMATION_FORMAT = dwarf;
				ENABLE_STRICT_OBJC_MSGSEND = YES;
				ENABLE_TESTABILITY = YES;
				GCC_C_LANGUAGE_STANDARD = gnu11;
				GCC_DYNAMIC_NO_PIC = NO;
				GCC_NO_COMMON_BLOCKS = YES;
				GCC_OPTIMIZATION_LEVEL = 0;
				GCC_PREPROCESSOR_DEFINITIONS = (
					"DEBUG=1",
					"$(inherited)",
				);
				GCC_WARN_64_TO_32_BIT_CONVERSION = YES;
				GCC_WARN_ABOUT_RETURN_TYPE = YES_ERROR;
				GCC_WARN_UNDECLARED_SELECTOR = YES;
				GCC_WARN_UNINITIALIZED_AUTOS = YES_AGGRESSIVE;
				GCC_WARN_UNUSED_FUNCTION = YES;
				GCC_WARN_UNUSED_VARIABLE = YES;
				IPHONEOS_DEPLOYMENT_TARGET = 15.0;
				MTL_ENABLE_DEBUG_INFO = INCLUDE_SOURCE;
				MTL_FAST_MATH = YES;
				ONLY_ACTIVE_ARCH = YES;
				SDKROOT = iphoneos;
				SWIFT_ACTIVE_COMPILATION_CONDITIONS = DEBUG;
				SWIFT_OPTIMIZATION_LEVEL = "-Onone";
			};
			name = Debug;
		};
		5B3244A7270E9FBB00CD52D6 /* Release */ = {
			isa = XCBuildConfiguration;
			buildSettings = {
				ALWAYS_SEARCH_USER_PATHS = NO;
				CLANG_ANALYZER_NONNULL = YES;
				CLANG_ANALYZER_NUMBER_OBJECT_CONVERSION = YES_AGGRESSIVE;
				CLANG_CXX_LANGUAGE_STANDARD = "gnu++17";
				CLANG_CXX_LIBRARY = "libc++";
				CLANG_ENABLE_MODULES = YES;
				CLANG_ENABLE_OBJC_ARC = YES;
				CLANG_ENABLE_OBJC_WEAK = YES;
				CLANG_WARN_BLOCK_CAPTURE_AUTORELEASING = YES;
				CLANG_WARN_BOOL_CONVERSION = YES;
				CLANG_WARN_COMMA = YES;
				CLANG_WARN_CONSTANT_CONVERSION = YES;
				CLANG_WARN_DEPRECATED_OBJC_IMPLEMENTATIONS = YES;
				CLANG_WARN_DIRECT_OBJC_ISA_USAGE = YES_ERROR;
				CLANG_WARN_DOCUMENTATION_COMMENTS = YES;
				CLANG_WARN_EMPTY_BODY = YES;
				CLANG_WARN_ENUM_CONVERSION = YES;
				CLANG_WARN_INFINITE_RECURSION = YES;
				CLANG_WARN_INT_CONVERSION = YES;
				CLANG_WARN_NON_LITERAL_NULL_CONVERSION = YES;
				CLANG_WARN_OBJC_IMPLICIT_RETAIN_SELF = YES;
				CLANG_WARN_OBJC_LITERAL_CONVERSION = YES;
				CLANG_WARN_OBJC_ROOT_CLASS = YES_ERROR;
				CLANG_WARN_QUOTED_INCLUDE_IN_FRAMEWORK_HEADER = YES;
				CLANG_WARN_RANGE_LOOP_ANALYSIS = YES;
				CLANG_WARN_STRICT_PROTOTYPES = YES;
				CLANG_WARN_SUSPICIOUS_MOVE = YES;
				CLANG_WARN_UNGUARDED_AVAILABILITY = YES_AGGRESSIVE;
				CLANG_WARN_UNREACHABLE_CODE = YES;
				CLANG_WARN__DUPLICATE_METHOD_MATCH = YES;
				COPY_PHASE_STRIP = NO;
				DEBUG_INFORMATION_FORMAT = "dwarf-with-dsym";
				ENABLE_NS_ASSERTIONS = NO;
				ENABLE_STRICT_OBJC_MSGSEND = YES;
				GCC_C_LANGUAGE_STANDARD = gnu11;
				GCC_NO_COMMON_BLOCKS = YES;
				GCC_WARN_64_TO_32_BIT_CONVERSION = YES;
				GCC_WARN_ABOUT_RETURN_TYPE = YES_ERROR;
				GCC_WARN_UNDECLARED_SELECTOR = YES;
				GCC_WARN_UNINITIALIZED_AUTOS = YES_AGGRESSIVE;
				GCC_WARN_UNUSED_FUNCTION = YES;
				GCC_WARN_UNUSED_VARIABLE = YES;
				IPHONEOS_DEPLOYMENT_TARGET = 15.0;
				MTL_ENABLE_DEBUG_INFO = NO;
				MTL_FAST_MATH = YES;
				SDKROOT = iphoneos;
				SWIFT_COMPILATION_MODE = wholemodule;
				SWIFT_OPTIMIZATION_LEVEL = "-O";
				VALIDATE_PRODUCT = YES;
			};
			name = Release;
		};
		5B3244A9270E9FBB00CD52D6 /* Debug */ = {
			isa = XCBuildConfiguration;
			baseConfigurationReference = 3DF2D5923DA298E277D2D4AF /* Pods-RxMemo.debug.xcconfig */;
			buildSettings = {
				ASSETCATALOG_COMPILER_APPICON_NAME = AppIcon;
				ASSETCATALOG_COMPILER_GLOBAL_ACCENT_COLOR_NAME = AccentColor;
				CODE_SIGN_STYLE = Automatic;
				CURRENT_PROJECT_VERSION = 1;
				DEVELOPMENT_TEAM = 5GQ6QL9S3X;
				GENERATE_INFOPLIST_FILE = YES;
				INFOPLIST_FILE = RxMemo/Info.plist;
				INFOPLIST_KEY_UIApplicationSupportsIndirectInputEvents = YES;
				INFOPLIST_KEY_UILaunchStoryboardName = LaunchScreen;
				INFOPLIST_KEY_UIMainStoryboardFile = Main;
				INFOPLIST_KEY_UISupportedInterfaceOrientations_iPad = "UIInterfaceOrientationPortrait UIInterfaceOrientationPortraitUpsideDown UIInterfaceOrientationLandscapeLeft UIInterfaceOrientationLandscapeRight";
				INFOPLIST_KEY_UISupportedInterfaceOrientations_iPhone = "UIInterfaceOrientationPortrait UIInterfaceOrientationLandscapeLeft UIInterfaceOrientationLandscapeRight";
				IPHONEOS_DEPLOYMENT_TARGET = 10.0;
				LD_RUNPATH_SEARCH_PATHS = (
					"$(inherited)",
					"@executable_path/Frameworks",
				);
				MARKETING_VERSION = 1.0;
				PRODUCT_BUNDLE_IDENTIFIER = ruheekim.RxMemo;
				PRODUCT_NAME = "$(TARGET_NAME)";
				SWIFT_EMIT_LOC_STRINGS = YES;
				SWIFT_VERSION = 5.0;
				TARGETED_DEVICE_FAMILY = "1,2";
			};
			name = Debug;
		};
		5B3244AA270E9FBB00CD52D6 /* Release */ = {
			isa = XCBuildConfiguration;
			baseConfigurationReference = 202B948CCA560F9BD83CEA63 /* Pods-RxMemo.release.xcconfig */;
			buildSettings = {
				ASSETCATALOG_COMPILER_APPICON_NAME = AppIcon;
				ASSETCATALOG_COMPILER_GLOBAL_ACCENT_COLOR_NAME = AccentColor;
				CODE_SIGN_STYLE = Automatic;
				CURRENT_PROJECT_VERSION = 1;
				DEVELOPMENT_TEAM = 5GQ6QL9S3X;
				GENERATE_INFOPLIST_FILE = YES;
				INFOPLIST_FILE = RxMemo/Info.plist;
				INFOPLIST_KEY_UIApplicationSupportsIndirectInputEvents = YES;
				INFOPLIST_KEY_UILaunchStoryboardName = LaunchScreen;
				INFOPLIST_KEY_UIMainStoryboardFile = Main;
				INFOPLIST_KEY_UISupportedInterfaceOrientations_iPad = "UIInterfaceOrientationPortrait UIInterfaceOrientationPortraitUpsideDown UIInterfaceOrientationLandscapeLeft UIInterfaceOrientationLandscapeRight";
				INFOPLIST_KEY_UISupportedInterfaceOrientations_iPhone = "UIInterfaceOrientationPortrait UIInterfaceOrientationLandscapeLeft UIInterfaceOrientationLandscapeRight";
				IPHONEOS_DEPLOYMENT_TARGET = 10.0;
				LD_RUNPATH_SEARCH_PATHS = (
					"$(inherited)",
					"@executable_path/Frameworks",
				);
				MARKETING_VERSION = 1.0;
				PRODUCT_BUNDLE_IDENTIFIER = ruheekim.RxMemo;
				PRODUCT_NAME = "$(TARGET_NAME)";
				SWIFT_EMIT_LOC_STRINGS = YES;
				SWIFT_VERSION = 5.0;
				TARGETED_DEVICE_FAMILY = "1,2";
			};
			name = Release;
		};
/* End XCBuildConfiguration section */

/* Begin XCConfigurationList section */
		5B32448C270E9FB500CD52D6 /* Build configuration list for PBXProject "RxMemo" */ = {
			isa = XCConfigurationList;
			buildConfigurations = (
				5B3244A6270E9FBB00CD52D6 /* Debug */,
				5B3244A7270E9FBB00CD52D6 /* Release */,
			);
			defaultConfigurationIsVisible = 0;
			defaultConfigurationName = Release;
		};
		5B3244A8270E9FBB00CD52D6 /* Build configuration list for PBXNativeTarget "RxMemo" */ = {
			isa = XCConfigurationList;
			buildConfigurations = (
				5B3244A9270E9FBB00CD52D6 /* Debug */,
				5B3244AA270E9FBB00CD52D6 /* Release */,
			);
			defaultConfigurationIsVisible = 0;
			defaultConfigurationName = Release;
		};
/* End XCConfigurationList section */

/* Begin XCVersionGroup section */
		5B32449D270E9FB500CD52D6 /* RxMemo.xcdatamodeld */ = {
			isa = XCVersionGroup;
			children = (
				5B32449E270E9FB500CD52D6 /* RxMemo.xcdatamodel */,
			);
			currentVersion = 5B32449E270E9FB500CD52D6 /* RxMemo.xcdatamodel */;
			path = RxMemo.xcdatamodeld;
			sourceTree = "<group>";
			versionGroupType = wrapper.xcdatamodel;
		};
/* End XCVersionGroup section */
	};
	rootObject = 5B324489270E9FB500CD52D6 /* Project object */;
}
